// !$*UTF8*$!
{
	archiveVersion = 1;
	classes = {
	};
	objectVersion = 51;
	objects = {

/* Begin PBXBuildFile section */
		41A41B3B270342DA0099D809 /* Roboto-BoldItalic.ttf in Resources */ = {isa = PBXBuildFile; fileRef = 41A41B29270342D90099D809 /* Roboto-BoldItalic.ttf */; };
		41A41B3C270342DA0099D809 /* Roboto-BoldItalic.ttf in Resources */ = {isa = PBXBuildFile; fileRef = 41A41B29270342D90099D809 /* Roboto-BoldItalic.ttf */; };
		41A41B3D270342DA0099D809 /* Roboto-BoldItalic.ttf in Resources */ = {isa = PBXBuildFile; fileRef = 41A41B29270342D90099D809 /* Roboto-BoldItalic.ttf */; };
		41A41B3E270342DA0099D809 /* Roboto-Light.ttf in Resources */ = {isa = PBXBuildFile; fileRef = 41A41B2A270342D90099D809 /* Roboto-Light.ttf */; };
		41A41B3F270342DA0099D809 /* Roboto-Light.ttf in Resources */ = {isa = PBXBuildFile; fileRef = 41A41B2A270342D90099D809 /* Roboto-Light.ttf */; };
		41A41B40270342DA0099D809 /* Roboto-Light.ttf in Resources */ = {isa = PBXBuildFile; fileRef = 41A41B2A270342D90099D809 /* Roboto-Light.ttf */; };
		41A41B41270342DA0099D809 /* RobotoCondensed-LightItalic.ttf in Resources */ = {isa = PBXBuildFile; fileRef = 41A41B2B270342D90099D809 /* RobotoCondensed-LightItalic.ttf */; };
		41A41B42270342DA0099D809 /* RobotoCondensed-LightItalic.ttf in Resources */ = {isa = PBXBuildFile; fileRef = 41A41B2B270342D90099D809 /* RobotoCondensed-LightItalic.ttf */; };
		41A41B43270342DA0099D809 /* RobotoCondensed-LightItalic.ttf in Resources */ = {isa = PBXBuildFile; fileRef = 41A41B2B270342D90099D809 /* RobotoCondensed-LightItalic.ttf */; };
		41A41B44270342DA0099D809 /* Roboto-Regular.ttf in Resources */ = {isa = PBXBuildFile; fileRef = 41A41B2C270342D90099D809 /* Roboto-Regular.ttf */; };
		41A41B45270342DA0099D809 /* Roboto-Regular.ttf in Resources */ = {isa = PBXBuildFile; fileRef = 41A41B2C270342D90099D809 /* Roboto-Regular.ttf */; };
		41A41B46270342DA0099D809 /* Roboto-Regular.ttf in Resources */ = {isa = PBXBuildFile; fileRef = 41A41B2C270342D90099D809 /* Roboto-Regular.ttf */; };
		41A41B47270342DA0099D809 /* RobotoCondensed-BoldItalic.ttf in Resources */ = {isa = PBXBuildFile; fileRef = 41A41B2D270342D90099D809 /* RobotoCondensed-BoldItalic.ttf */; };
		41A41B48270342DA0099D809 /* RobotoCondensed-BoldItalic.ttf in Resources */ = {isa = PBXBuildFile; fileRef = 41A41B2D270342D90099D809 /* RobotoCondensed-BoldItalic.ttf */; };
		41A41B49270342DA0099D809 /* RobotoCondensed-BoldItalic.ttf in Resources */ = {isa = PBXBuildFile; fileRef = 41A41B2D270342D90099D809 /* RobotoCondensed-BoldItalic.ttf */; };
		41A41B4A270342DA0099D809 /* Roboto-Bold.ttf in Resources */ = {isa = PBXBuildFile; fileRef = 41A41B2E270342D90099D809 /* Roboto-Bold.ttf */; };
		41A41B4B270342DA0099D809 /* Roboto-Bold.ttf in Resources */ = {isa = PBXBuildFile; fileRef = 41A41B2E270342D90099D809 /* Roboto-Bold.ttf */; };
		41A41B4C270342DA0099D809 /* Roboto-Bold.ttf in Resources */ = {isa = PBXBuildFile; fileRef = 41A41B2E270342D90099D809 /* Roboto-Bold.ttf */; };
		41A41B4D270342DA0099D809 /* RobotoCondensed-Bold.ttf in Resources */ = {isa = PBXBuildFile; fileRef = 41A41B2F270342D90099D809 /* RobotoCondensed-Bold.ttf */; };
		41A41B4E270342DA0099D809 /* RobotoCondensed-Bold.ttf in Resources */ = {isa = PBXBuildFile; fileRef = 41A41B2F270342D90099D809 /* RobotoCondensed-Bold.ttf */; };
		41A41B4F270342DA0099D809 /* RobotoCondensed-Bold.ttf in Resources */ = {isa = PBXBuildFile; fileRef = 41A41B2F270342D90099D809 /* RobotoCondensed-Bold.ttf */; };
		41A41B50270342DA0099D809 /* RobotoCondensed-Regular.ttf in Resources */ = {isa = PBXBuildFile; fileRef = 41A41B30270342D90099D809 /* RobotoCondensed-Regular.ttf */; };
		41A41B51270342DA0099D809 /* RobotoCondensed-Regular.ttf in Resources */ = {isa = PBXBuildFile; fileRef = 41A41B30270342D90099D809 /* RobotoCondensed-Regular.ttf */; };
		41A41B52270342DA0099D809 /* RobotoCondensed-Regular.ttf in Resources */ = {isa = PBXBuildFile; fileRef = 41A41B30270342D90099D809 /* RobotoCondensed-Regular.ttf */; };
		41A41B53270342DA0099D809 /* Roboto-BlackItalic.ttf in Resources */ = {isa = PBXBuildFile; fileRef = 41A41B31270342DA0099D809 /* Roboto-BlackItalic.ttf */; };
		41A41B54270342DA0099D809 /* Roboto-BlackItalic.ttf in Resources */ = {isa = PBXBuildFile; fileRef = 41A41B31270342DA0099D809 /* Roboto-BlackItalic.ttf */; };
		41A41B55270342DA0099D809 /* Roboto-BlackItalic.ttf in Resources */ = {isa = PBXBuildFile; fileRef = 41A41B31270342DA0099D809 /* Roboto-BlackItalic.ttf */; };
		41A41B56270342DA0099D809 /* Roboto-Black.ttf in Resources */ = {isa = PBXBuildFile; fileRef = 41A41B32270342DA0099D809 /* Roboto-Black.ttf */; };
		41A41B57270342DA0099D809 /* Roboto-Black.ttf in Resources */ = {isa = PBXBuildFile; fileRef = 41A41B32270342DA0099D809 /* Roboto-Black.ttf */; };
		41A41B58270342DA0099D809 /* Roboto-Black.ttf in Resources */ = {isa = PBXBuildFile; fileRef = 41A41B32270342DA0099D809 /* Roboto-Black.ttf */; };
		41A41B59270342DA0099D809 /* Roboto-LightItalic.ttf in Resources */ = {isa = PBXBuildFile; fileRef = 41A41B33270342DA0099D809 /* Roboto-LightItalic.ttf */; };
		41A41B5A270342DA0099D809 /* Roboto-LightItalic.ttf in Resources */ = {isa = PBXBuildFile; fileRef = 41A41B33270342DA0099D809 /* Roboto-LightItalic.ttf */; };
		41A41B5B270342DA0099D809 /* Roboto-LightItalic.ttf in Resources */ = {isa = PBXBuildFile; fileRef = 41A41B33270342DA0099D809 /* Roboto-LightItalic.ttf */; };
		41A41B5C270342DA0099D809 /* RobotoCondensed-Italic.ttf in Resources */ = {isa = PBXBuildFile; fileRef = 41A41B34270342DA0099D809 /* RobotoCondensed-Italic.ttf */; };
		41A41B5D270342DA0099D809 /* RobotoCondensed-Italic.ttf in Resources */ = {isa = PBXBuildFile; fileRef = 41A41B34270342DA0099D809 /* RobotoCondensed-Italic.ttf */; };
		41A41B5E270342DA0099D809 /* RobotoCondensed-Italic.ttf in Resources */ = {isa = PBXBuildFile; fileRef = 41A41B34270342DA0099D809 /* RobotoCondensed-Italic.ttf */; };
		41A41B5F270342DA0099D809 /* Roboto-ThinItalic.ttf in Resources */ = {isa = PBXBuildFile; fileRef = 41A41B35270342DA0099D809 /* Roboto-ThinItalic.ttf */; };
		41A41B60270342DA0099D809 /* Roboto-ThinItalic.ttf in Resources */ = {isa = PBXBuildFile; fileRef = 41A41B35270342DA0099D809 /* Roboto-ThinItalic.ttf */; };
		41A41B61270342DA0099D809 /* Roboto-ThinItalic.ttf in Resources */ = {isa = PBXBuildFile; fileRef = 41A41B35270342DA0099D809 /* Roboto-ThinItalic.ttf */; };
		41A41B62270342DA0099D809 /* Roboto-Thin.ttf in Resources */ = {isa = PBXBuildFile; fileRef = 41A41B36270342DA0099D809 /* Roboto-Thin.ttf */; };
		41A41B63270342DA0099D809 /* Roboto-Thin.ttf in Resources */ = {isa = PBXBuildFile; fileRef = 41A41B36270342DA0099D809 /* Roboto-Thin.ttf */; };
		41A41B64270342DA0099D809 /* Roboto-Thin.ttf in Resources */ = {isa = PBXBuildFile; fileRef = 41A41B36270342DA0099D809 /* Roboto-Thin.ttf */; };
		41A41B65270342DA0099D809 /* Roboto-MediumItalic.ttf in Resources */ = {isa = PBXBuildFile; fileRef = 41A41B37270342DA0099D809 /* Roboto-MediumItalic.ttf */; };
		41A41B66270342DA0099D809 /* Roboto-MediumItalic.ttf in Resources */ = {isa = PBXBuildFile; fileRef = 41A41B37270342DA0099D809 /* Roboto-MediumItalic.ttf */; };
		41A41B67270342DA0099D809 /* Roboto-MediumItalic.ttf in Resources */ = {isa = PBXBuildFile; fileRef = 41A41B37270342DA0099D809 /* Roboto-MediumItalic.ttf */; };
		41A41B68270342DA0099D809 /* Roboto-Italic.ttf in Resources */ = {isa = PBXBuildFile; fileRef = 41A41B38270342DA0099D809 /* Roboto-Italic.ttf */; };
		41A41B69270342DA0099D809 /* Roboto-Italic.ttf in Resources */ = {isa = PBXBuildFile; fileRef = 41A41B38270342DA0099D809 /* Roboto-Italic.ttf */; };
		41A41B6A270342DA0099D809 /* Roboto-Italic.ttf in Resources */ = {isa = PBXBuildFile; fileRef = 41A41B38270342DA0099D809 /* Roboto-Italic.ttf */; };
		41A41B6B270342DA0099D809 /* Roboto-Medium.ttf in Resources */ = {isa = PBXBuildFile; fileRef = 41A41B39270342DA0099D809 /* Roboto-Medium.ttf */; };
		41A41B6C270342DA0099D809 /* Roboto-Medium.ttf in Resources */ = {isa = PBXBuildFile; fileRef = 41A41B39270342DA0099D809 /* Roboto-Medium.ttf */; };
		41A41B6D270342DA0099D809 /* Roboto-Medium.ttf in Resources */ = {isa = PBXBuildFile; fileRef = 41A41B39270342DA0099D809 /* Roboto-Medium.ttf */; };
		41A41B6E270342DA0099D809 /* RobotoCondensed-Light.ttf in Resources */ = {isa = PBXBuildFile; fileRef = 41A41B3A270342DA0099D809 /* RobotoCondensed-Light.ttf */; };
		41A41B6F270342DA0099D809 /* RobotoCondensed-Light.ttf in Resources */ = {isa = PBXBuildFile; fileRef = 41A41B3A270342DA0099D809 /* RobotoCondensed-Light.ttf */; };
		41A41B70270342DA0099D809 /* RobotoCondensed-Light.ttf in Resources */ = {isa = PBXBuildFile; fileRef = 41A41B3A270342DA0099D809 /* RobotoCondensed-Light.ttf */; };
		41A41B74270385510099D809 /* SceneDelegate.swift in Sources */ = {isa = PBXBuildFile; fileRef = 41A41B73270385510099D809 /* SceneDelegate.swift */; };
		41A41B7A2703F3E70099D809 /* PostServiceMock.swift in Sources */ = {isa = PBXBuildFile; fileRef = 41A41B792703F3E70099D809 /* PostServiceMock.swift */; };
		41B960D3270211690028B439 /* OneBigImageCell.swift in Sources */ = {isa = PBXBuildFile; fileRef = 41B960D1270211690028B439 /* OneBigImageCell.swift */; };
		41B960D4270211690028B439 /* OneBigImageCell.xib in Resources */ = {isa = PBXBuildFile; fileRef = 41B960D2270211690028B439 /* OneBigImageCell.xib */; };
		41B960D727023AE10028B439 /* TwoSmallImagesViewCell.swift in Sources */ = {isa = PBXBuildFile; fileRef = 41B960D527023AE10028B439 /* TwoSmallImagesViewCell.swift */; };
		41B960D827023AE10028B439 /* TwoSmallImagesViewCell.xib in Resources */ = {isa = PBXBuildFile; fileRef = 41B960D627023AE10028B439 /* TwoSmallImagesViewCell.xib */; };
		41B960DB270243DF0028B439 /* ThreeImagesViewCell.swift in Sources */ = {isa = PBXBuildFile; fileRef = 41B960D9270243DF0028B439 /* ThreeImagesViewCell.swift */; };
		41B960DC270243DF0028B439 /* ThreeImagesViewCell.xib in Resources */ = {isa = PBXBuildFile; fileRef = 41B960DA270243DF0028B439 /* ThreeImagesViewCell.xib */; };
		41B960DF27024B890028B439 /* FourMoreImagesViewCell.swift in Sources */ = {isa = PBXBuildFile; fileRef = 41B960DD27024B890028B439 /* FourMoreImagesViewCell.swift */; };
		41B960E027024B890028B439 /* FourMoreImagesViewCell.xib in Resources */ = {isa = PBXBuildFile; fileRef = 41B960DE27024B890028B439 /* FourMoreImagesViewCell.xib */; };
		44695B48CF9F431A0D01F246 /* Pods_KoombeaChallengeTestTests.framework in Frameworks */ = {isa = PBXBuildFile; fileRef = 06137C1EB59F830EE836AB99 /* Pods_KoombeaChallengeTestTests.framework */; };
		7C26A73226FF7731000F5984 /* AppDelegate.swift in Sources */ = {isa = PBXBuildFile; fileRef = 7C26A73126FF7731000F5984 /* AppDelegate.swift */; };
		7C26A73626FF7731000F5984 /* HomeViewController.swift in Sources */ = {isa = PBXBuildFile; fileRef = 7C26A73526FF7731000F5984 /* HomeViewController.swift */; };
		7C26A73926FF7731000F5984 /* Main.storyboard in Resources */ = {isa = PBXBuildFile; fileRef = 7C26A73726FF7731000F5984 /* Main.storyboard */; };
		7C26A73C26FF7731000F5984 /* KoombeaChallengeTest.xcdatamodeld in Sources */ = {isa = PBXBuildFile; fileRef = 7C26A73A26FF7731000F5984 /* KoombeaChallengeTest.xcdatamodeld */; };
		7C26A73E26FF7733000F5984 /* Assets.xcassets in Resources */ = {isa = PBXBuildFile; fileRef = 7C26A73D26FF7733000F5984 /* Assets.xcassets */; };
		7C26A74126FF7733000F5984 /* LaunchScreen.storyboard in Resources */ = {isa = PBXBuildFile; fileRef = 7C26A73F26FF7733000F5984 /* LaunchScreen.storyboard */; };
		7C26A74C26FF7733000F5984 /* HomeViewModelTest.swift in Sources */ = {isa = PBXBuildFile; fileRef = 7C26A74B26FF7733000F5984 /* HomeViewModelTest.swift */; };
		7C26A75726FF7733000F5984 /* KoombeaChallengeTestUITests.swift in Sources */ = {isa = PBXBuildFile; fileRef = 7C26A75626FF7733000F5984 /* KoombeaChallengeTestUITests.swift */; };
		7C26A76826FF7EBF000F5984 /* PostsService.swift in Sources */ = {isa = PBXBuildFile; fileRef = 7C26A76726FF7EBF000F5984 /* PostsService.swift */; };
		7C26A76A26FF7F54000F5984 /* Constants.swift in Sources */ = {isa = PBXBuildFile; fileRef = 7C26A76926FF7F54000F5984 /* Constants.swift */; };
		7C26A76C26FF8229000F5984 /* HomeViewModel.swift in Sources */ = {isa = PBXBuildFile; fileRef = 7C26A76B26FF8229000F5984 /* HomeViewModel.swift */; };
		7C26A76F26FF8386000F5984 /* Post.swift in Sources */ = {isa = PBXBuildFile; fileRef = 7C26A76E26FF8386000F5984 /* Post.swift */; };
		7C26A77B26FFD46D000F5984 /* MainPostViewCell.swift in Sources */ = {isa = PBXBuildFile; fileRef = 7C26A77926FFD46D000F5984 /* MainPostViewCell.swift */; };
		7C26A77C26FFD46D000F5984 /* MainPostViewCell.xib in Resources */ = {isa = PBXBuildFile; fileRef = 7C26A77A26FFD46D000F5984 /* MainPostViewCell.xib */; };
		7C26A77F26FFF2A4000F5984 /* PictureViewCell.swift in Sources */ = {isa = PBXBuildFile; fileRef = 7C26A77D26FFF2A4000F5984 /* PictureViewCell.swift */; };
		7C26A78026FFF2A4000F5984 /* PictureViewCell.xib in Resources */ = {isa = PBXBuildFile; fileRef = 7C26A77E26FFF2A4000F5984 /* PictureViewCell.xib */; };
		7C26A784270004C1000F5984 /* DetailPostViewController.swift in Sources */ = {isa = PBXBuildFile; fileRef = 7C26A782270004C1000F5984 /* DetailPostViewController.swift */; };
		7C26A785270004C1000F5984 /* DetailPostViewController.xib in Resources */ = {isa = PBXBuildFile; fileRef = 7C26A783270004C1000F5984 /* DetailPostViewController.xib */; };
		7C26A7882700AB2B000F5984 /* DBService.swift in Sources */ = {isa = PBXBuildFile; fileRef = 7C26A7872700AB2A000F5984 /* DBService.swift */; };
		7C85B5762700FB42002A0C8C /* TableHeaderView.swift in Sources */ = {isa = PBXBuildFile; fileRef = 7C85B5752700FB42002A0C8C /* TableHeaderView.swift */; };
		7C85B57A2700FB7B002A0C8C /* TableHeaderView.xib in Resources */ = {isa = PBXBuildFile; fileRef = 7C85B5792700FB7B002A0C8C /* TableHeaderView.xib */; };
		7C85B57E27010F18002A0C8C /* UITableView+Extensions.swift in Sources */ = {isa = PBXBuildFile; fileRef = 7C85B57D27010F18002A0C8C /* UITableView+Extensions.swift */; };
		7C85B58127011B2C002A0C8C /* Date+Extensions.swift in Sources */ = {isa = PBXBuildFile; fileRef = 7C85B58027011B2C002A0C8C /* Date+Extensions.swift */; };
		8E446D2BE765ADAD6694C4DD /* Pods_KoombeaChallengeTest.framework in Frameworks */ = {isa = PBXBuildFile; fileRef = B1C037085C192F6EEB03D206 /* Pods_KoombeaChallengeTest.framework */; };
		CA7A04E0D0F60EEA57E8A646 /* Pods_KoombeaChallengeTest_KoombeaChallengeTestUITests.framework in Frameworks */ = {isa = PBXBuildFile; fileRef = A9AB56F1B32E3FAB4FA2BAC7 /* Pods_KoombeaChallengeTest_KoombeaChallengeTestUITests.framework */; };
/* End PBXBuildFile section */

/* Begin PBXContainerItemProxy section */
		7C26A74826FF7733000F5984 /* PBXContainerItemProxy */ = {
			isa = PBXContainerItemProxy;
			containerPortal = 7C26A72626FF7731000F5984 /* Project object */;
			proxyType = 1;
			remoteGlobalIDString = 7C26A72D26FF7731000F5984;
			remoteInfo = KoombeaChallengeTest;
		};
		7C26A75326FF7733000F5984 /* PBXContainerItemProxy */ = {
			isa = PBXContainerItemProxy;
			containerPortal = 7C26A72626FF7731000F5984 /* Project object */;
			proxyType = 1;
			remoteGlobalIDString = 7C26A72D26FF7731000F5984;
			remoteInfo = KoombeaChallengeTest;
		};
/* End PBXContainerItemProxy section */

/* Begin PBXFileReference section */
		06137C1EB59F830EE836AB99 /* Pods_KoombeaChallengeTestTests.framework */ = {isa = PBXFileReference; explicitFileType = wrapper.framework; includeInIndex = 0; path = Pods_KoombeaChallengeTestTests.framework; sourceTree = BUILT_PRODUCTS_DIR; };
		39CFEA5B3DDC62973405C6DE /* Pods-KoombeaChallengeTest.release.xcconfig */ = {isa = PBXFileReference; includeInIndex = 1; lastKnownFileType = text.xcconfig; name = "Pods-KoombeaChallengeTest.release.xcconfig"; path = "Target Support Files/Pods-KoombeaChallengeTest/Pods-KoombeaChallengeTest.release.xcconfig"; sourceTree = "<group>"; };
		41A41B29270342D90099D809 /* Roboto-BoldItalic.ttf */ = {isa = PBXFileReference; lastKnownFileType = file; path = "Roboto-BoldItalic.ttf"; sourceTree = "<group>"; };
		41A41B2A270342D90099D809 /* Roboto-Light.ttf */ = {isa = PBXFileReference; lastKnownFileType = file; path = "Roboto-Light.ttf"; sourceTree = "<group>"; };
		41A41B2B270342D90099D809 /* RobotoCondensed-LightItalic.ttf */ = {isa = PBXFileReference; lastKnownFileType = file; path = "RobotoCondensed-LightItalic.ttf"; sourceTree = "<group>"; };
		41A41B2C270342D90099D809 /* Roboto-Regular.ttf */ = {isa = PBXFileReference; lastKnownFileType = file; path = "Roboto-Regular.ttf"; sourceTree = "<group>"; };
		41A41B2D270342D90099D809 /* RobotoCondensed-BoldItalic.ttf */ = {isa = PBXFileReference; lastKnownFileType = file; path = "RobotoCondensed-BoldItalic.ttf"; sourceTree = "<group>"; };
		41A41B2E270342D90099D809 /* Roboto-Bold.ttf */ = {isa = PBXFileReference; lastKnownFileType = file; path = "Roboto-Bold.ttf"; sourceTree = "<group>"; };
		41A41B2F270342D90099D809 /* RobotoCondensed-Bold.ttf */ = {isa = PBXFileReference; lastKnownFileType = file; path = "RobotoCondensed-Bold.ttf"; sourceTree = "<group>"; };
		41A41B30270342D90099D809 /* RobotoCondensed-Regular.ttf */ = {isa = PBXFileReference; lastKnownFileType = file; path = "RobotoCondensed-Regular.ttf"; sourceTree = "<group>"; };
		41A41B31270342DA0099D809 /* Roboto-BlackItalic.ttf */ = {isa = PBXFileReference; lastKnownFileType = file; path = "Roboto-BlackItalic.ttf"; sourceTree = "<group>"; };
		41A41B32270342DA0099D809 /* Roboto-Black.ttf */ = {isa = PBXFileReference; lastKnownFileType = file; path = "Roboto-Black.ttf"; sourceTree = "<group>"; };
		41A41B33270342DA0099D809 /* Roboto-LightItalic.ttf */ = {isa = PBXFileReference; lastKnownFileType = file; path = "Roboto-LightItalic.ttf"; sourceTree = "<group>"; };
		41A41B34270342DA0099D809 /* RobotoCondensed-Italic.ttf */ = {isa = PBXFileReference; lastKnownFileType = file; path = "RobotoCondensed-Italic.ttf"; sourceTree = "<group>"; };
		41A41B35270342DA0099D809 /* Roboto-ThinItalic.ttf */ = {isa = PBXFileReference; lastKnownFileType = file; path = "Roboto-ThinItalic.ttf"; sourceTree = "<group>"; };
		41A41B36270342DA0099D809 /* Roboto-Thin.ttf */ = {isa = PBXFileReference; lastKnownFileType = file; path = "Roboto-Thin.ttf"; sourceTree = "<group>"; };
		41A41B37270342DA0099D809 /* Roboto-MediumItalic.ttf */ = {isa = PBXFileReference; lastKnownFileType = file; path = "Roboto-MediumItalic.ttf"; sourceTree = "<group>"; };
		41A41B38270342DA0099D809 /* Roboto-Italic.ttf */ = {isa = PBXFileReference; lastKnownFileType = file; path = "Roboto-Italic.ttf"; sourceTree = "<group>"; };
		41A41B39270342DA0099D809 /* Roboto-Medium.ttf */ = {isa = PBXFileReference; lastKnownFileType = file; path = "Roboto-Medium.ttf"; sourceTree = "<group>"; };
		41A41B3A270342DA0099D809 /* RobotoCondensed-Light.ttf */ = {isa = PBXFileReference; lastKnownFileType = file; path = "RobotoCondensed-Light.ttf"; sourceTree = "<group>"; };
		41A41B73270385510099D809 /* SceneDelegate.swift */ = {isa = PBXFileReference; lastKnownFileType = sourcecode.swift; path = SceneDelegate.swift; sourceTree = "<group>"; };
		41A41B792703F3E70099D809 /* PostServiceMock.swift */ = {isa = PBXFileReference; lastKnownFileType = sourcecode.swift; path = PostServiceMock.swift; sourceTree = "<group>"; };
		41B960D1270211690028B439 /* OneBigImageCell.swift */ = {isa = PBXFileReference; lastKnownFileType = sourcecode.swift; path = OneBigImageCell.swift; sourceTree = "<group>"; };
		41B960D2270211690028B439 /* OneBigImageCell.xib */ = {isa = PBXFileReference; lastKnownFileType = file.xib; path = OneBigImageCell.xib; sourceTree = "<group>"; };
		41B960D527023AE10028B439 /* TwoSmallImagesViewCell.swift */ = {isa = PBXFileReference; lastKnownFileType = sourcecode.swift; path = TwoSmallImagesViewCell.swift; sourceTree = "<group>"; };
		41B960D627023AE10028B439 /* TwoSmallImagesViewCell.xib */ = {isa = PBXFileReference; lastKnownFileType = file.xib; path = TwoSmallImagesViewCell.xib; sourceTree = "<group>"; };
		41B960D9270243DF0028B439 /* ThreeImagesViewCell.swift */ = {isa = PBXFileReference; lastKnownFileType = sourcecode.swift; path = ThreeImagesViewCell.swift; sourceTree = "<group>"; };
		41B960DA270243DF0028B439 /* ThreeImagesViewCell.xib */ = {isa = PBXFileReference; lastKnownFileType = file.xib; path = ThreeImagesViewCell.xib; sourceTree = "<group>"; };
		41B960DD27024B890028B439 /* FourMoreImagesViewCell.swift */ = {isa = PBXFileReference; lastKnownFileType = sourcecode.swift; path = FourMoreImagesViewCell.swift; sourceTree = "<group>"; };
		41B960DE27024B890028B439 /* FourMoreImagesViewCell.xib */ = {isa = PBXFileReference; lastKnownFileType = file.xib; path = FourMoreImagesViewCell.xib; sourceTree = "<group>"; };
		4900FD63782C848655087362 /* Pods-KoombeaChallengeTest.debug.xcconfig */ = {isa = PBXFileReference; includeInIndex = 1; lastKnownFileType = text.xcconfig; name = "Pods-KoombeaChallengeTest.debug.xcconfig"; path = "Target Support Files/Pods-KoombeaChallengeTest/Pods-KoombeaChallengeTest.debug.xcconfig"; sourceTree = "<group>"; };
		7C26A72E26FF7731000F5984 /* KoombeaChallengeTest.app */ = {isa = PBXFileReference; explicitFileType = wrapper.application; includeInIndex = 0; path = KoombeaChallengeTest.app; sourceTree = BUILT_PRODUCTS_DIR; };
		7C26A73126FF7731000F5984 /* AppDelegate.swift */ = {isa = PBXFileReference; lastKnownFileType = sourcecode.swift; path = AppDelegate.swift; sourceTree = "<group>"; };
		7C26A73526FF7731000F5984 /* HomeViewController.swift */ = {isa = PBXFileReference; lastKnownFileType = sourcecode.swift; path = HomeViewController.swift; sourceTree = "<group>"; };
		7C26A73826FF7731000F5984 /* Base */ = {isa = PBXFileReference; lastKnownFileType = file.storyboard; name = Base; path = Base.lproj/Main.storyboard; sourceTree = "<group>"; };
		7C26A73B26FF7731000F5984 /* KoombeaChallengeTest.xcdatamodel */ = {isa = PBXFileReference; lastKnownFileType = wrapper.xcdatamodel; path = KoombeaChallengeTest.xcdatamodel; sourceTree = "<group>"; };
		7C26A73D26FF7733000F5984 /* Assets.xcassets */ = {isa = PBXFileReference; lastKnownFileType = folder.assetcatalog; path = Assets.xcassets; sourceTree = "<group>"; };
		7C26A74026FF7733000F5984 /* Base */ = {isa = PBXFileReference; lastKnownFileType = file.storyboard; name = Base; path = Base.lproj/LaunchScreen.storyboard; sourceTree = "<group>"; };
		7C26A74226FF7733000F5984 /* Info.plist */ = {isa = PBXFileReference; lastKnownFileType = text.plist.xml; path = Info.plist; sourceTree = "<group>"; };
		7C26A74726FF7733000F5984 /* KoombeaChallengeTestTests.xctest */ = {isa = PBXFileReference; explicitFileType = wrapper.cfbundle; includeInIndex = 0; path = KoombeaChallengeTestTests.xctest; sourceTree = BUILT_PRODUCTS_DIR; };
		7C26A74B26FF7733000F5984 /* HomeViewModelTest.swift */ = {isa = PBXFileReference; lastKnownFileType = sourcecode.swift; path = HomeViewModelTest.swift; sourceTree = "<group>"; };
		7C26A74D26FF7733000F5984 /* Info.plist */ = {isa = PBXFileReference; lastKnownFileType = text.plist.xml; path = Info.plist; sourceTree = "<group>"; };
		7C26A75226FF7733000F5984 /* KoombeaChallengeTestUITests.xctest */ = {isa = PBXFileReference; explicitFileType = wrapper.cfbundle; includeInIndex = 0; path = KoombeaChallengeTestUITests.xctest; sourceTree = BUILT_PRODUCTS_DIR; };
		7C26A75626FF7733000F5984 /* KoombeaChallengeTestUITests.swift */ = {isa = PBXFileReference; lastKnownFileType = sourcecode.swift; path = KoombeaChallengeTestUITests.swift; sourceTree = "<group>"; };
		7C26A75826FF7733000F5984 /* Info.plist */ = {isa = PBXFileReference; lastKnownFileType = text.plist.xml; path = Info.plist; sourceTree = "<group>"; };
		7C26A76726FF7EBF000F5984 /* PostsService.swift */ = {isa = PBXFileReference; lastKnownFileType = sourcecode.swift; path = PostsService.swift; sourceTree = "<group>"; };
		7C26A76926FF7F54000F5984 /* Constants.swift */ = {isa = PBXFileReference; lastKnownFileType = sourcecode.swift; path = Constants.swift; sourceTree = "<group>"; };
		7C26A76B26FF8229000F5984 /* HomeViewModel.swift */ = {isa = PBXFileReference; lastKnownFileType = sourcecode.swift; path = HomeViewModel.swift; sourceTree = "<group>"; };
		7C26A76E26FF8386000F5984 /* Post.swift */ = {isa = PBXFileReference; lastKnownFileType = sourcecode.swift; path = Post.swift; sourceTree = "<group>"; };
		7C26A77926FFD46D000F5984 /* MainPostViewCell.swift */ = {isa = PBXFileReference; lastKnownFileType = sourcecode.swift; path = MainPostViewCell.swift; sourceTree = "<group>"; };
		7C26A77A26FFD46D000F5984 /* MainPostViewCell.xib */ = {isa = PBXFileReference; lastKnownFileType = file.xib; path = MainPostViewCell.xib; sourceTree = "<group>"; };
		7C26A77D26FFF2A4000F5984 /* PictureViewCell.swift */ = {isa = PBXFileReference; lastKnownFileType = sourcecode.swift; path = PictureViewCell.swift; sourceTree = "<group>"; };
		7C26A77E26FFF2A4000F5984 /* PictureViewCell.xib */ = {isa = PBXFileReference; lastKnownFileType = file.xib; path = PictureViewCell.xib; sourceTree = "<group>"; };
		7C26A782270004C1000F5984 /* DetailPostViewController.swift */ = {isa = PBXFileReference; lastKnownFileType = sourcecode.swift; path = DetailPostViewController.swift; sourceTree = "<group>"; };
		7C26A783270004C1000F5984 /* DetailPostViewController.xib */ = {isa = PBXFileReference; lastKnownFileType = file.xib; path = DetailPostViewController.xib; sourceTree = "<group>"; };
		7C26A7872700AB2A000F5984 /* DBService.swift */ = {isa = PBXFileReference; lastKnownFileType = sourcecode.swift; path = DBService.swift; sourceTree = "<group>"; };
		7C85B5752700FB42002A0C8C /* TableHeaderView.swift */ = {isa = PBXFileReference; lastKnownFileType = sourcecode.swift; path = TableHeaderView.swift; sourceTree = "<group>"; };
		7C85B5792700FB7B002A0C8C /* TableHeaderView.xib */ = {isa = PBXFileReference; lastKnownFileType = file.xib; path = TableHeaderView.xib; sourceTree = "<group>"; };
		7C85B57D27010F18002A0C8C /* UITableView+Extensions.swift */ = {isa = PBXFileReference; lastKnownFileType = sourcecode.swift; path = "UITableView+Extensions.swift"; sourceTree = "<group>"; };
		7C85B58027011B2C002A0C8C /* Date+Extensions.swift */ = {isa = PBXFileReference; lastKnownFileType = sourcecode.swift; path = "Date+Extensions.swift"; sourceTree = "<group>"; };
		A9AB56F1B32E3FAB4FA2BAC7 /* Pods_KoombeaChallengeTest_KoombeaChallengeTestUITests.framework */ = {isa = PBXFileReference; explicitFileType = wrapper.framework; includeInIndex = 0; path = Pods_KoombeaChallengeTest_KoombeaChallengeTestUITests.framework; sourceTree = BUILT_PRODUCTS_DIR; };
		ADD51521C6DB8D9FE4CD0513 /* Pods-KoombeaChallengeTest-KoombeaChallengeTestUITests.release.xcconfig */ = {isa = PBXFileReference; includeInIndex = 1; lastKnownFileType = text.xcconfig; name = "Pods-KoombeaChallengeTest-KoombeaChallengeTestUITests.release.xcconfig"; path = "Target Support Files/Pods-KoombeaChallengeTest-KoombeaChallengeTestUITests/Pods-KoombeaChallengeTest-KoombeaChallengeTestUITests.release.xcconfig"; sourceTree = "<group>"; };
		B1C037085C192F6EEB03D206 /* Pods_KoombeaChallengeTest.framework */ = {isa = PBXFileReference; explicitFileType = wrapper.framework; includeInIndex = 0; path = Pods_KoombeaChallengeTest.framework; sourceTree = BUILT_PRODUCTS_DIR; };
		B77D541549C8E2CDC95DC58F /* Pods-KoombeaChallengeTestTests.debug.xcconfig */ = {isa = PBXFileReference; includeInIndex = 1; lastKnownFileType = text.xcconfig; name = "Pods-KoombeaChallengeTestTests.debug.xcconfig"; path = "Target Support Files/Pods-KoombeaChallengeTestTests/Pods-KoombeaChallengeTestTests.debug.xcconfig"; sourceTree = "<group>"; };
		CA68344986DAE9DB72424F8E /* Pods-KoombeaChallengeTest-KoombeaChallengeTestUITests.debug.xcconfig */ = {isa = PBXFileReference; includeInIndex = 1; lastKnownFileType = text.xcconfig; name = "Pods-KoombeaChallengeTest-KoombeaChallengeTestUITests.debug.xcconfig"; path = "Target Support Files/Pods-KoombeaChallengeTest-KoombeaChallengeTestUITests/Pods-KoombeaChallengeTest-KoombeaChallengeTestUITests.debug.xcconfig"; sourceTree = "<group>"; };
		D34E16CE7A1467F25790E8A7 /* Pods-KoombeaChallengeTestTests.release.xcconfig */ = {isa = PBXFileReference; includeInIndex = 1; lastKnownFileType = text.xcconfig; name = "Pods-KoombeaChallengeTestTests.release.xcconfig"; path = "Target Support Files/Pods-KoombeaChallengeTestTests/Pods-KoombeaChallengeTestTests.release.xcconfig"; sourceTree = "<group>"; };
/* End PBXFileReference section */

/* Begin PBXFrameworksBuildPhase section */
		7C26A72B26FF7731000F5984 /* Frameworks */ = {
			isa = PBXFrameworksBuildPhase;
			buildActionMask = 2147483647;
			files = (
				8E446D2BE765ADAD6694C4DD /* Pods_KoombeaChallengeTest.framework in Frameworks */,
			);
			runOnlyForDeploymentPostprocessing = 0;
		};
		7C26A74426FF7733000F5984 /* Frameworks */ = {
			isa = PBXFrameworksBuildPhase;
			buildActionMask = 2147483647;
			files = (
				44695B48CF9F431A0D01F246 /* Pods_KoombeaChallengeTestTests.framework in Frameworks */,
			);
			runOnlyForDeploymentPostprocessing = 0;
		};
		7C26A74F26FF7733000F5984 /* Frameworks */ = {
			isa = PBXFrameworksBuildPhase;
			buildActionMask = 2147483647;
			files = (
				CA7A04E0D0F60EEA57E8A646 /* Pods_KoombeaChallengeTest_KoombeaChallengeTestUITests.framework in Frameworks */,
			);
			runOnlyForDeploymentPostprocessing = 0;
		};
/* End PBXFrameworksBuildPhase section */

/* Begin PBXGroup section */
		2298A17D6052E070369693C4 /* Pods */ = {
			isa = PBXGroup;
			children = (
				4900FD63782C848655087362 /* Pods-KoombeaChallengeTest.debug.xcconfig */,
				39CFEA5B3DDC62973405C6DE /* Pods-KoombeaChallengeTest.release.xcconfig */,
				CA68344986DAE9DB72424F8E /* Pods-KoombeaChallengeTest-KoombeaChallengeTestUITests.debug.xcconfig */,
				ADD51521C6DB8D9FE4CD0513 /* Pods-KoombeaChallengeTest-KoombeaChallengeTestUITests.release.xcconfig */,
				B77D541549C8E2CDC95DC58F /* Pods-KoombeaChallengeTestTests.debug.xcconfig */,
				D34E16CE7A1467F25790E8A7 /* Pods-KoombeaChallengeTestTests.release.xcconfig */,
			);
			path = Pods;
			sourceTree = "<group>";
		};
		41984C39270461AE009F8DB4 /* Base.lproj */ = {
			isa = PBXGroup;
			children = (
				7C26A76426FF7E1B000F5984 /* Resources */,
				7C26A73726FF7731000F5984 /* Main.storyboard */,
				7C26A73F26FF7733000F5984 /* LaunchScreen.storyboard */,
			);
			path = Base.lproj;
			sourceTree = "<group>";
		};
		41984C3A27046215009F8DB4 /* Detail */ = {
			isa = PBXGroup;
			children = (
				7C26A782270004C1000F5984 /* DetailPostViewController.swift */,
				7C26A783270004C1000F5984 /* DetailPostViewController.xib */,
			);
			path = Detail;
			sourceTree = "<group>";
		};
		41A41B162703428D0099D809 /* Fonts */ = {
			isa = PBXGroup;
			children = (
				41A41B32270342DA0099D809 /* Roboto-Black.ttf */,
				41A41B31270342DA0099D809 /* Roboto-BlackItalic.ttf */,
				41A41B2E270342D90099D809 /* Roboto-Bold.ttf */,
				41A41B29270342D90099D809 /* Roboto-BoldItalic.ttf */,
				41A41B38270342DA0099D809 /* Roboto-Italic.ttf */,
				41A41B2A270342D90099D809 /* Roboto-Light.ttf */,
				41A41B33270342DA0099D809 /* Roboto-LightItalic.ttf */,
				41A41B39270342DA0099D809 /* Roboto-Medium.ttf */,
				41A41B37270342DA0099D809 /* Roboto-MediumItalic.ttf */,
				41A41B2C270342D90099D809 /* Roboto-Regular.ttf */,
				41A41B36270342DA0099D809 /* Roboto-Thin.ttf */,
				41A41B35270342DA0099D809 /* Roboto-ThinItalic.ttf */,
				41A41B2F270342D90099D809 /* RobotoCondensed-Bold.ttf */,
				41A41B2D270342D90099D809 /* RobotoCondensed-BoldItalic.ttf */,
				41A41B34270342DA0099D809 /* RobotoCondensed-Italic.ttf */,
				41A41B3A270342DA0099D809 /* RobotoCondensed-Light.ttf */,
				41A41B2B270342D90099D809 /* RobotoCondensed-LightItalic.ttf */,
				41A41B30270342D90099D809 /* RobotoCondensed-Regular.ttf */,
			);
			path = Fonts;
			sourceTree = "<group>";
		};
		41A41B7B270403DE0099D809 /* View */ = {
			isa = PBXGroup;
			children = (
				7C85B5782700FB63002A0C8C /* Header */,
				41B960D027020F0B0028B439 /* TableCells */,
				41B960CF27020DA20028B439 /* CollectionCell */,
				7C26A73526FF7731000F5984 /* HomeViewController.swift */,
			);
			path = View;
			sourceTree = "<group>";
		};
		41A41B7C270404550099D809 /* ViewModel */ = {
			isa = PBXGroup;
			children = (
				7C26A76B26FF8229000F5984 /* HomeViewModel.swift */,
			);
			path = ViewModel;
			sourceTree = "<group>";
		};
		41A41B7E2704049D0099D809 /* Utilis */ = {
			isa = PBXGroup;
			children = (
				7C26A7862700AB0A000F5984 /* DB */,
				7C85B57F27010F7E002A0C8C /* Extensions */,
				7C26A76926FF7F54000F5984 /* Constants.swift */,
			);
			path = Utilis;
			sourceTree = "<group>";
		};
		41B960CF27020DA20028B439 /* CollectionCell */ = {
			isa = PBXGroup;
			children = (
				7C26A77D26FFF2A4000F5984 /* PictureViewCell.swift */,
				7C26A77E26FFF2A4000F5984 /* PictureViewCell.xib */,
			);
			path = CollectionCell;
			sourceTree = "<group>";
		};
		41B960D027020F0B0028B439 /* TableCells */ = {
			isa = PBXGroup;
			children = (
				7C26A77926FFD46D000F5984 /* MainPostViewCell.swift */,
				7C26A77A26FFD46D000F5984 /* MainPostViewCell.xib */,
				41B960D1270211690028B439 /* OneBigImageCell.swift */,
				41B960D2270211690028B439 /* OneBigImageCell.xib */,
				41B960D527023AE10028B439 /* TwoSmallImagesViewCell.swift */,
				41B960D627023AE10028B439 /* TwoSmallImagesViewCell.xib */,
				41B960D9270243DF0028B439 /* ThreeImagesViewCell.swift */,
				41B960DA270243DF0028B439 /* ThreeImagesViewCell.xib */,
				41B960DD27024B890028B439 /* FourMoreImagesViewCell.swift */,
				41B960DE27024B890028B439 /* FourMoreImagesViewCell.xib */,
			);
			path = TableCells;
			sourceTree = "<group>";
		};
		7C26A72526FF7731000F5984 = {
			isa = PBXGroup;
			children = (
				7C26A73026FF7731000F5984 /* KoombeaChallengeTest */,
				7C26A74A26FF7733000F5984 /* KoombeaChallengeTestTests */,
				7C26A75526FF7733000F5984 /* KoombeaChallengeTestUITests */,
				7C26A72F26FF7731000F5984 /* Products */,
				2298A17D6052E070369693C4 /* Pods */,
				DC996839075880D0AF26275F /* Frameworks */,
			);
			sourceTree = "<group>";
		};
		7C26A72F26FF7731000F5984 /* Products */ = {
			isa = PBXGroup;
			children = (
				7C26A72E26FF7731000F5984 /* KoombeaChallengeTest.app */,
				7C26A74726FF7733000F5984 /* KoombeaChallengeTestTests.xctest */,
				7C26A75226FF7733000F5984 /* KoombeaChallengeTestUITests.xctest */,
			);
			name = Products;
			sourceTree = "<group>";
		};
		7C26A73026FF7731000F5984 /* KoombeaChallengeTest */ = {
			isa = PBXGroup;
			children = (
				41984C39270461AE009F8DB4 /* Base.lproj */,
				7C26A76D26FF837D000F5984 /* Model */,
				7C26A76526FF7E51000F5984 /* Home */,
				41984C3A27046215009F8DB4 /* Detail */,
				41A41B7E2704049D0099D809 /* Utilis */,
				7C26A73A26FF7731000F5984 /* KoombeaChallengeTest.xcdatamodeld */,
				7C26A74226FF7733000F5984 /* Info.plist */,
			);
			path = KoombeaChallengeTest;
			sourceTree = "<group>";
		};
		7C26A74A26FF7733000F5984 /* KoombeaChallengeTestTests */ = {
			isa = PBXGroup;
			children = (
				7C26A74B26FF7733000F5984 /* HomeViewModelTest.swift */,
				41A41B792703F3E70099D809 /* PostServiceMock.swift */,
				7C26A74D26FF7733000F5984 /* Info.plist */,
			);
			path = KoombeaChallengeTestTests;
			sourceTree = "<group>";
		};
		7C26A75526FF7733000F5984 /* KoombeaChallengeTestUITests */ = {
			isa = PBXGroup;
			children = (
				7C26A75626FF7733000F5984 /* KoombeaChallengeTestUITests.swift */,
				7C26A75826FF7733000F5984 /* Info.plist */,
			);
			path = KoombeaChallengeTestUITests;
			sourceTree = "<group>";
		};
		7C26A76426FF7E1B000F5984 /* Resources */ = {
			isa = PBXGroup;
			children = (
				41A41B162703428D0099D809 /* Fonts */,
				7C26A73126FF7731000F5984 /* AppDelegate.swift */,
				7C26A73D26FF7733000F5984 /* Assets.xcassets */,
				41A41B73270385510099D809 /* SceneDelegate.swift */,
			);
			path = Resources;
			sourceTree = "<group>";
		};
		7C26A76526FF7E51000F5984 /* Home */ = {
			isa = PBXGroup;
			children = (
				7C26A76626FF7EB0000F5984 /* Service */,
				41A41B7B270403DE0099D809 /* View */,
				41A41B7C270404550099D809 /* ViewModel */,
			);
			path = Home;
			sourceTree = "<group>";
		};
		7C26A76626FF7EB0000F5984 /* Service */ = {
			isa = PBXGroup;
			children = (
				7C26A76726FF7EBF000F5984 /* PostsService.swift */,
			);
			path = Service;
			sourceTree = "<group>";
		};
		7C26A76D26FF837D000F5984 /* Model */ = {
			isa = PBXGroup;
			children = (
				7C26A76E26FF8386000F5984 /* Post.swift */,
			);
			path = Model;
			sourceTree = "<group>";
		};
		7C26A7862700AB0A000F5984 /* DB */ = {
			isa = PBXGroup;
			children = (
				7C26A7872700AB2A000F5984 /* DBService.swift */,
			);
			path = DB;
			sourceTree = "<group>";
		};
		7C85B5782700FB63002A0C8C /* Header */ = {
			isa = PBXGroup;
			children = (
				7C85B5752700FB42002A0C8C /* TableHeaderView.swift */,
				7C85B5792700FB7B002A0C8C /* TableHeaderView.xib */,
			);
			path = Header;
			sourceTree = "<group>";
		};
		7C85B57F27010F7E002A0C8C /* Extensions */ = {
			isa = PBXGroup;
			children = (
				7C85B57D27010F18002A0C8C /* UITableView+Extensions.swift */,
				7C85B58027011B2C002A0C8C /* Date+Extensions.swift */,
			);
			path = Extensions;
			sourceTree = "<group>";
		};
		DC996839075880D0AF26275F /* Frameworks */ = {
			isa = PBXGroup;
			children = (
				B1C037085C192F6EEB03D206 /* Pods_KoombeaChallengeTest.framework */,
				A9AB56F1B32E3FAB4FA2BAC7 /* Pods_KoombeaChallengeTest_KoombeaChallengeTestUITests.framework */,
				06137C1EB59F830EE836AB99 /* Pods_KoombeaChallengeTestTests.framework */,
			);
			name = Frameworks;
			sourceTree = "<group>";
		};
/* End PBXGroup section */

/* Begin PBXNativeTarget section */
		7C26A72D26FF7731000F5984 /* KoombeaChallengeTest */ = {
			isa = PBXNativeTarget;
			buildConfigurationList = 7C26A75B26FF7733000F5984 /* Build configuration list for PBXNativeTarget "KoombeaChallengeTest" */;
			buildPhases = (
				FC80BBF1A20AD420C1F50E3D /* [CP] Check Pods Manifest.lock */,
				7C26A72A26FF7731000F5984 /* Sources */,
				7C26A72B26FF7731000F5984 /* Frameworks */,
				7C26A72C26FF7731000F5984 /* Resources */,
				7681E0140B4C4D7C0F503202 /* [CP] Embed Pods Frameworks */,
			);
			buildRules = (
			);
			dependencies = (
			);
			name = KoombeaChallengeTest;
			productName = KoombeaChallengeTest;
			productReference = 7C26A72E26FF7731000F5984 /* KoombeaChallengeTest.app */;
			productType = "com.apple.product-type.application";
		};
		7C26A74626FF7733000F5984 /* KoombeaChallengeTestTests */ = {
			isa = PBXNativeTarget;
			buildConfigurationList = 7C26A75E26FF7733000F5984 /* Build configuration list for PBXNativeTarget "KoombeaChallengeTestTests" */;
			buildPhases = (
				15FAF282231C4A061D375535 /* [CP] Check Pods Manifest.lock */,
				7C26A74326FF7733000F5984 /* Sources */,
				7C26A74426FF7733000F5984 /* Frameworks */,
				7C26A74526FF7733000F5984 /* Resources */,
			);
			buildRules = (
			);
			dependencies = (
				7C26A74926FF7733000F5984 /* PBXTargetDependency */,
			);
			name = KoombeaChallengeTestTests;
			productName = KoombeaChallengeTestTests;
			productReference = 7C26A74726FF7733000F5984 /* KoombeaChallengeTestTests.xctest */;
			productType = "com.apple.product-type.bundle.unit-test";
		};
		7C26A75126FF7733000F5984 /* KoombeaChallengeTestUITests */ = {
			isa = PBXNativeTarget;
			buildConfigurationList = 7C26A76126FF7733000F5984 /* Build configuration list for PBXNativeTarget "KoombeaChallengeTestUITests" */;
			buildPhases = (
				813E10C269D6710960D840D4 /* [CP] Check Pods Manifest.lock */,
				7C26A74E26FF7733000F5984 /* Sources */,
				7C26A74F26FF7733000F5984 /* Frameworks */,
				7C26A75026FF7733000F5984 /* Resources */,
				7AEAB98C412238BD5312B7D9 /* [CP] Embed Pods Frameworks */,
			);
			buildRules = (
			);
			dependencies = (
				7C26A75426FF7733000F5984 /* PBXTargetDependency */,
			);
			name = KoombeaChallengeTestUITests;
			productName = KoombeaChallengeTestUITests;
			productReference = 7C26A75226FF7733000F5984 /* KoombeaChallengeTestUITests.xctest */;
			productType = "com.apple.product-type.bundle.ui-testing";
		};
/* End PBXNativeTarget section */

/* Begin PBXProject section */
		7C26A72626FF7731000F5984 /* Project object */ = {
			isa = PBXProject;
			attributes = {
				LastSwiftUpdateCheck = 1250;
				LastUpgradeCheck = 1250;
				TargetAttributes = {
					7C26A72D26FF7731000F5984 = {
						CreatedOnToolsVersion = 12.5.1;
					};
					7C26A74626FF7733000F5984 = {
						CreatedOnToolsVersion = 12.5.1;
						TestTargetID = 7C26A72D26FF7731000F5984;
					};
					7C26A75126FF7733000F5984 = {
						CreatedOnToolsVersion = 12.5.1;
						TestTargetID = 7C26A72D26FF7731000F5984;
					};
				};
			};
			buildConfigurationList = 7C26A72926FF7731000F5984 /* Build configuration list for PBXProject "KoombeaChallengeTest" */;
			compatibilityVersion = "Xcode 9.3";
			developmentRegion = en;
			hasScannedForEncodings = 0;
			knownRegions = (
				en,
				Base,
			);
			mainGroup = 7C26A72526FF7731000F5984;
			productRefGroup = 7C26A72F26FF7731000F5984 /* Products */;
			projectDirPath = "";
			projectRoot = "";
			targets = (
				7C26A72D26FF7731000F5984 /* KoombeaChallengeTest */,
				7C26A74626FF7733000F5984 /* KoombeaChallengeTestTests */,
				7C26A75126FF7733000F5984 /* KoombeaChallengeTestUITests */,
			);
		};
/* End PBXProject section */

/* Begin PBXResourcesBuildPhase section */
		7C26A72C26FF7731000F5984 /* Resources */ = {
			isa = PBXResourcesBuildPhase;
			buildActionMask = 2147483647;
			files = (
				7C85B57A2700FB7B002A0C8C /* TableHeaderView.xib in Resources */,
				41B960D4270211690028B439 /* OneBigImageCell.xib in Resources */,
				41A41B65270342DA0099D809 /* Roboto-MediumItalic.ttf in Resources */,
				7C26A74126FF7733000F5984 /* LaunchScreen.storyboard in Resources */,
				41B960E027024B890028B439 /* FourMoreImagesViewCell.xib in Resources */,
				7C26A73E26FF7733000F5984 /* Assets.xcassets in Resources */,
				41A41B5C270342DA0099D809 /* RobotoCondensed-Italic.ttf in Resources */,
				41B960DC270243DF0028B439 /* ThreeImagesViewCell.xib in Resources */,
				41A41B4A270342DA0099D809 /* Roboto-Bold.ttf in Resources */,
				41A41B53270342DA0099D809 /* Roboto-BlackItalic.ttf in Resources */,
				41A41B68270342DA0099D809 /* Roboto-Italic.ttf in Resources */,
				41A41B47270342DA0099D809 /* RobotoCondensed-BoldItalic.ttf in Resources */,
				41A41B3B270342DA0099D809 /* Roboto-BoldItalic.ttf in Resources */,
				41A41B50270342DA0099D809 /* RobotoCondensed-Regular.ttf in Resources */,
				41A41B5F270342DA0099D809 /* Roboto-ThinItalic.ttf in Resources */,
				41A41B56270342DA0099D809 /* Roboto-Black.ttf in Resources */,
				41A41B59270342DA0099D809 /* Roboto-LightItalic.ttf in Resources */,
				7C26A78026FFF2A4000F5984 /* PictureViewCell.xib in Resources */,
				7C26A785270004C1000F5984 /* DetailPostViewController.xib in Resources */,
				41A41B3E270342DA0099D809 /* Roboto-Light.ttf in Resources */,
				41A41B62270342DA0099D809 /* Roboto-Thin.ttf in Resources */,
				41A41B4D270342DA0099D809 /* RobotoCondensed-Bold.ttf in Resources */,
				41A41B6E270342DA0099D809 /* RobotoCondensed-Light.ttf in Resources */,
				7C26A73926FF7731000F5984 /* Main.storyboard in Resources */,
				7C26A77C26FFD46D000F5984 /* MainPostViewCell.xib in Resources */,
				41A41B6B270342DA0099D809 /* Roboto-Medium.ttf in Resources */,
				41A41B44270342DA0099D809 /* Roboto-Regular.ttf in Resources */,
				41A41B41270342DA0099D809 /* RobotoCondensed-LightItalic.ttf in Resources */,
				41B960D827023AE10028B439 /* TwoSmallImagesViewCell.xib in Resources */,
			);
			runOnlyForDeploymentPostprocessing = 0;
		};
		7C26A74526FF7733000F5984 /* Resources */ = {
			isa = PBXResourcesBuildPhase;
			buildActionMask = 2147483647;
			files = (
				41A41B63270342DA0099D809 /* Roboto-Thin.ttf in Resources */,
				41A41B66270342DA0099D809 /* Roboto-MediumItalic.ttf in Resources */,
				41A41B48270342DA0099D809 /* RobotoCondensed-BoldItalic.ttf in Resources */,
				41A41B6C270342DA0099D809 /* Roboto-Medium.ttf in Resources */,
				41A41B5A270342DA0099D809 /* Roboto-LightItalic.ttf in Resources */,
				41A41B42270342DA0099D809 /* RobotoCondensed-LightItalic.ttf in Resources */,
				41A41B69270342DA0099D809 /* Roboto-Italic.ttf in Resources */,
				41A41B4B270342DA0099D809 /* Roboto-Bold.ttf in Resources */,
				41A41B3F270342DA0099D809 /* Roboto-Light.ttf in Resources */,
				41A41B5D270342DA0099D809 /* RobotoCondensed-Italic.ttf in Resources */,
				41A41B6F270342DA0099D809 /* RobotoCondensed-Light.ttf in Resources */,
				41A41B54270342DA0099D809 /* Roboto-BlackItalic.ttf in Resources */,
				41A41B4E270342DA0099D809 /* RobotoCondensed-Bold.ttf in Resources */,
				41A41B45270342DA0099D809 /* Roboto-Regular.ttf in Resources */,
				41A41B57270342DA0099D809 /* Roboto-Black.ttf in Resources */,
				41A41B51270342DA0099D809 /* RobotoCondensed-Regular.ttf in Resources */,
				41A41B3C270342DA0099D809 /* Roboto-BoldItalic.ttf in Resources */,
				41A41B60270342DA0099D809 /* Roboto-ThinItalic.ttf in Resources */,
			);
			runOnlyForDeploymentPostprocessing = 0;
		};
		7C26A75026FF7733000F5984 /* Resources */ = {
			isa = PBXResourcesBuildPhase;
			buildActionMask = 2147483647;
			files = (
				41A41B64270342DA0099D809 /* Roboto-Thin.ttf in Resources */,
				41A41B67270342DA0099D809 /* Roboto-MediumItalic.ttf in Resources */,
				41A41B49270342DA0099D809 /* RobotoCondensed-BoldItalic.ttf in Resources */,
				41A41B6D270342DA0099D809 /* Roboto-Medium.ttf in Resources */,
				41A41B5B270342DA0099D809 /* Roboto-LightItalic.ttf in Resources */,
				41A41B43270342DA0099D809 /* RobotoCondensed-LightItalic.ttf in Resources */,
				41A41B6A270342DA0099D809 /* Roboto-Italic.ttf in Resources */,
				41A41B4C270342DA0099D809 /* Roboto-Bold.ttf in Resources */,
				41A41B40270342DA0099D809 /* Roboto-Light.ttf in Resources */,
				41A41B5E270342DA0099D809 /* RobotoCondensed-Italic.ttf in Resources */,
				41A41B70270342DA0099D809 /* RobotoCondensed-Light.ttf in Resources */,
				41A41B55270342DA0099D809 /* Roboto-BlackItalic.ttf in Resources */,
				41A41B4F270342DA0099D809 /* RobotoCondensed-Bold.ttf in Resources */,
				41A41B46270342DA0099D809 /* Roboto-Regular.ttf in Resources */,
				41A41B58270342DA0099D809 /* Roboto-Black.ttf in Resources */,
				41A41B52270342DA0099D809 /* RobotoCondensed-Regular.ttf in Resources */,
				41A41B3D270342DA0099D809 /* Roboto-BoldItalic.ttf in Resources */,
				41A41B61270342DA0099D809 /* Roboto-ThinItalic.ttf in Resources */,
			);
			runOnlyForDeploymentPostprocessing = 0;
		};
/* End PBXResourcesBuildPhase section */

/* Begin PBXShellScriptBuildPhase section */
		15FAF282231C4A061D375535 /* [CP] Check Pods Manifest.lock */ = {
			isa = PBXShellScriptBuildPhase;
			buildActionMask = 2147483647;
			files = (
			);
			inputFileListPaths = (
			);
			inputPaths = (
				"${PODS_PODFILE_DIR_PATH}/Podfile.lock",
				"${PODS_ROOT}/Manifest.lock",
			);
			name = "[CP] Check Pods Manifest.lock";
			outputFileListPaths = (
			);
			outputPaths = (
				"$(DERIVED_FILE_DIR)/Pods-KoombeaChallengeTestTests-checkManifestLockResult.txt",
			);
			runOnlyForDeploymentPostprocessing = 0;
			shellPath = /bin/sh;
			shellScript = "diff \"${PODS_PODFILE_DIR_PATH}/Podfile.lock\" \"${PODS_ROOT}/Manifest.lock\" > /dev/null\nif [ $? != 0 ] ; then\n    # print error to STDERR\n    echo \"error: The sandbox is not in sync with the Podfile.lock. Run 'pod install' or update your CocoaPods installation.\" >&2\n    exit 1\nfi\n# This output is used by Xcode 'outputs' to avoid re-running this script phase.\necho \"SUCCESS\" > \"${SCRIPT_OUTPUT_FILE_0}\"\n";
			showEnvVarsInLog = 0;
		};
		7681E0140B4C4D7C0F503202 /* [CP] Embed Pods Frameworks */ = {
			isa = PBXShellScriptBuildPhase;
			buildActionMask = 2147483647;
			files = (
			);
			inputFileListPaths = (
				"${PODS_ROOT}/Target Support Files/Pods-KoombeaChallengeTest/Pods-KoombeaChallengeTest-frameworks-${CONFIGURATION}-input-files.xcfilelist",
			);
			name = "[CP] Embed Pods Frameworks";
			outputFileListPaths = (
				"${PODS_ROOT}/Target Support Files/Pods-KoombeaChallengeTest/Pods-KoombeaChallengeTest-frameworks-${CONFIGURATION}-output-files.xcfilelist",
			);
			runOnlyForDeploymentPostprocessing = 0;
			shellPath = /bin/sh;
			shellScript = "\"${PODS_ROOT}/Target Support Files/Pods-KoombeaChallengeTest/Pods-KoombeaChallengeTest-frameworks.sh\"\n";
			showEnvVarsInLog = 0;
		};
		7AEAB98C412238BD5312B7D9 /* [CP] Embed Pods Frameworks */ = {
			isa = PBXShellScriptBuildPhase;
			buildActionMask = 2147483647;
			files = (
			);
			inputFileListPaths = (
				"${PODS_ROOT}/Target Support Files/Pods-KoombeaChallengeTest-KoombeaChallengeTestUITests/Pods-KoombeaChallengeTest-KoombeaChallengeTestUITests-frameworks-${CONFIGURATION}-input-files.xcfilelist",
			);
			name = "[CP] Embed Pods Frameworks";
			outputFileListPaths = (
				"${PODS_ROOT}/Target Support Files/Pods-KoombeaChallengeTest-KoombeaChallengeTestUITests/Pods-KoombeaChallengeTest-KoombeaChallengeTestUITests-frameworks-${CONFIGURATION}-output-files.xcfilelist",
			);
			runOnlyForDeploymentPostprocessing = 0;
			shellPath = /bin/sh;
			shellScript = "\"${PODS_ROOT}/Target Support Files/Pods-KoombeaChallengeTest-KoombeaChallengeTestUITests/Pods-KoombeaChallengeTest-KoombeaChallengeTestUITests-frameworks.sh\"\n";
			showEnvVarsInLog = 0;
		};
		813E10C269D6710960D840D4 /* [CP] Check Pods Manifest.lock */ = {
			isa = PBXShellScriptBuildPhase;
			buildActionMask = 2147483647;
			files = (
			);
			inputFileListPaths = (
			);
			inputPaths = (
				"${PODS_PODFILE_DIR_PATH}/Podfile.lock",
				"${PODS_ROOT}/Manifest.lock",
			);
			name = "[CP] Check Pods Manifest.lock";
			outputFileListPaths = (
			);
			outputPaths = (
				"$(DERIVED_FILE_DIR)/Pods-KoombeaChallengeTest-KoombeaChallengeTestUITests-checkManifestLockResult.txt",
			);
			runOnlyForDeploymentPostprocessing = 0;
			shellPath = /bin/sh;
			shellScript = "diff \"${PODS_PODFILE_DIR_PATH}/Podfile.lock\" \"${PODS_ROOT}/Manifest.lock\" > /dev/null\nif [ $? != 0 ] ; then\n    # print error to STDERR\n    echo \"error: The sandbox is not in sync with the Podfile.lock. Run 'pod install' or update your CocoaPods installation.\" >&2\n    exit 1\nfi\n# This output is used by Xcode 'outputs' to avoid re-running this script phase.\necho \"SUCCESS\" > \"${SCRIPT_OUTPUT_FILE_0}\"\n";
			showEnvVarsInLog = 0;
		};
		FC80BBF1A20AD420C1F50E3D /* [CP] Check Pods Manifest.lock */ = {
			isa = PBXShellScriptBuildPhase;
			buildActionMask = 2147483647;
			files = (
			);
			inputFileListPaths = (
			);
			inputPaths = (
				"${PODS_PODFILE_DIR_PATH}/Podfile.lock",
				"${PODS_ROOT}/Manifest.lock",
			);
			name = "[CP] Check Pods Manifest.lock";
			outputFileListPaths = (
			);
			outputPaths = (
				"$(DERIVED_FILE_DIR)/Pods-KoombeaChallengeTest-checkManifestLockResult.txt",
			);
			runOnlyForDeploymentPostprocessing = 0;
			shellPath = /bin/sh;
			shellScript = "diff \"${PODS_PODFILE_DIR_PATH}/Podfile.lock\" \"${PODS_ROOT}/Manifest.lock\" > /dev/null\nif [ $? != 0 ] ; then\n    # print error to STDERR\n    echo \"error: The sandbox is not in sync with the Podfile.lock. Run 'pod install' or update your CocoaPods installation.\" >&2\n    exit 1\nfi\n# This output is used by Xcode 'outputs' to avoid re-running this script phase.\necho \"SUCCESS\" > \"${SCRIPT_OUTPUT_FILE_0}\"\n";
			showEnvVarsInLog = 0;
		};
/* End PBXShellScriptBuildPhase section */

/* Begin PBXSourcesBuildPhase section */
		7C26A72A26FF7731000F5984 /* Sources */ = {
			isa = PBXSourcesBuildPhase;
			buildActionMask = 2147483647;
			files = (
				7C85B57E27010F18002A0C8C /* UITableView+Extensions.swift in Sources */,
				7C26A76C26FF8229000F5984 /* HomeViewModel.swift in Sources */,
				7C26A77F26FFF2A4000F5984 /* PictureViewCell.swift in Sources */,
				41B960D3270211690028B439 /* OneBigImageCell.swift in Sources */,
				7C26A73626FF7731000F5984 /* HomeViewController.swift in Sources */,
				7C26A73226FF7731000F5984 /* AppDelegate.swift in Sources */,
				7C26A784270004C1000F5984 /* DetailPostViewController.swift in Sources */,
				7C26A76826FF7EBF000F5984 /* PostsService.swift in Sources */,
				7C26A73C26FF7731000F5984 /* KoombeaChallengeTest.xcdatamodeld in Sources */,
				7C85B58127011B2C002A0C8C /* Date+Extensions.swift in Sources */,
				7C26A7882700AB2B000F5984 /* DBService.swift in Sources */,
				7C26A77B26FFD46D000F5984 /* MainPostViewCell.swift in Sources */,
				7C26A76A26FF7F54000F5984 /* Constants.swift in Sources */,
				41B960DF27024B890028B439 /* FourMoreImagesViewCell.swift in Sources */,
				7C85B5762700FB42002A0C8C /* TableHeaderView.swift in Sources */,
				7C26A76F26FF8386000F5984 /* Post.swift in Sources */,
				41A41B74270385510099D809 /* SceneDelegate.swift in Sources */,
				41B960DB270243DF0028B439 /* ThreeImagesViewCell.swift in Sources */,
				41B960D727023AE10028B439 /* TwoSmallImagesViewCell.swift in Sources */,
			);
			runOnlyForDeploymentPostprocessing = 0;
		};
		7C26A74326FF7733000F5984 /* Sources */ = {
			isa = PBXSourcesBuildPhase;
			buildActionMask = 2147483647;
			files = (
				7C26A74C26FF7733000F5984 /* HomeViewModelTest.swift in Sources */,
				41A41B7A2703F3E70099D809 /* PostServiceMock.swift in Sources */,
			);
			runOnlyForDeploymentPostprocessing = 0;
		};
		7C26A74E26FF7733000F5984 /* Sources */ = {
			isa = PBXSourcesBuildPhase;
			buildActionMask = 2147483647;
			files = (
				7C26A75726FF7733000F5984 /* KoombeaChallengeTestUITests.swift in Sources */,
			);
			runOnlyForDeploymentPostprocessing = 0;
		};
/* End PBXSourcesBuildPhase section */

/* Begin PBXTargetDependency section */
		7C26A74926FF7733000F5984 /* PBXTargetDependency */ = {
			isa = PBXTargetDependency;
			target = 7C26A72D26FF7731000F5984 /* KoombeaChallengeTest */;
			targetProxy = 7C26A74826FF7733000F5984 /* PBXContainerItemProxy */;
		};
		7C26A75426FF7733000F5984 /* PBXTargetDependency */ = {
			isa = PBXTargetDependency;
			target = 7C26A72D26FF7731000F5984 /* KoombeaChallengeTest */;
			targetProxy = 7C26A75326FF7733000F5984 /* PBXContainerItemProxy */;
		};
/* End PBXTargetDependency section */

/* Begin PBXVariantGroup section */
		7C26A73726FF7731000F5984 /* Main.storyboard */ = {
			isa = PBXVariantGroup;
			children = (
				7C26A73826FF7731000F5984 /* Base */,
			);
			name = Main.storyboard;
			sourceTree = "<group>";
		};
		7C26A73F26FF7733000F5984 /* LaunchScreen.storyboard */ = {
			isa = PBXVariantGroup;
			children = (
				7C26A74026FF7733000F5984 /* Base */,
			);
			name = LaunchScreen.storyboard;
			sourceTree = "<group>";
		};
/* End PBXVariantGroup section */

/* Begin XCBuildConfiguration section */
		7C26A75926FF7733000F5984 /* Debug */ = {
			isa = XCBuildConfiguration;
			buildSettings = {
				ALWAYS_SEARCH_USER_PATHS = NO;
				CLANG_ANALYZER_NONNULL = YES;
				CLANG_ANALYZER_NUMBER_OBJECT_CONVERSION = YES_AGGRESSIVE;
				CLANG_CXX_LANGUAGE_STANDARD = "gnu++14";
				CLANG_CXX_LIBRARY = "libc++";
				CLANG_ENABLE_MODULES = YES;
				CLANG_ENABLE_OBJC_ARC = YES;
				CLANG_ENABLE_OBJC_WEAK = YES;
				CLANG_WARN_BLOCK_CAPTURE_AUTORELEASING = YES;
				CLANG_WARN_BOOL_CONVERSION = YES;
				CLANG_WARN_COMMA = YES;
				CLANG_WARN_CONSTANT_CONVERSION = YES;
				CLANG_WARN_DEPRECATED_OBJC_IMPLEMENTATIONS = YES;
				CLANG_WARN_DIRECT_OBJC_ISA_USAGE = YES_ERROR;
				CLANG_WARN_DOCUMENTATION_COMMENTS = YES;
				CLANG_WARN_EMPTY_BODY = YES;
				CLANG_WARN_ENUM_CONVERSION = YES;
				CLANG_WARN_INFINITE_RECURSION = YES;
				CLANG_WARN_INT_CONVERSION = YES;
				CLANG_WARN_NON_LITERAL_NULL_CONVERSION = YES;
				CLANG_WARN_OBJC_IMPLICIT_RETAIN_SELF = YES;
				CLANG_WARN_OBJC_LITERAL_CONVERSION = YES;
				CLANG_WARN_OBJC_ROOT_CLASS = YES_ERROR;
				CLANG_WARN_QUOTED_INCLUDE_IN_FRAMEWORK_HEADER = YES;
				CLANG_WARN_RANGE_LOOP_ANALYSIS = YES;
				CLANG_WARN_STRICT_PROTOTYPES = YES;
				CLANG_WARN_SUSPICIOUS_MOVE = YES;
				CLANG_WARN_UNGUARDED_AVAILABILITY = YES_AGGRESSIVE;
				CLANG_WARN_UNREACHABLE_CODE = YES;
				CLANG_WARN__DUPLICATE_METHOD_MATCH = YES;
				COPY_PHASE_STRIP = NO;
				DEBUG_INFORMATION_FORMAT = dwarf;
				ENABLE_STRICT_OBJC_MSGSEND = YES;
				ENABLE_TESTABILITY = YES;
				GCC_C_LANGUAGE_STANDARD = gnu11;
				GCC_DYNAMIC_NO_PIC = NO;
				GCC_NO_COMMON_BLOCKS = YES;
				GCC_OPTIMIZATION_LEVEL = 0;
				GCC_PREPROCESSOR_DEFINITIONS = (
					"DEBUG=1",
					"$(inherited)",
				);
				GCC_WARN_64_TO_32_BIT_CONVERSION = YES;
				GCC_WARN_ABOUT_RETURN_TYPE = YES_ERROR;
				GCC_WARN_UNDECLARED_SELECTOR = YES;
				GCC_WARN_UNINITIALIZED_AUTOS = YES_AGGRESSIVE;
				GCC_WARN_UNUSED_FUNCTION = YES;
				GCC_WARN_UNUSED_VARIABLE = YES;
				IPHONEOS_DEPLOYMENT_TARGET = 14.5;
				MTL_ENABLE_DEBUG_INFO = INCLUDE_SOURCE;
				MTL_FAST_MATH = YES;
				ONLY_ACTIVE_ARCH = YES;
				SDKROOT = iphoneos;
				SWIFT_ACTIVE_COMPILATION_CONDITIONS = DEBUG;
				SWIFT_OPTIMIZATION_LEVEL = "-Onone";
			};
			name = Debug;
		};
		7C26A75A26FF7733000F5984 /* Release */ = {
			isa = XCBuildConfiguration;
			buildSettings = {
				ALWAYS_SEARCH_USER_PATHS = NO;
				CLANG_ANALYZER_NONNULL = YES;
				CLANG_ANALYZER_NUMBER_OBJECT_CONVERSION = YES_AGGRESSIVE;
				CLANG_CXX_LANGUAGE_STANDARD = "gnu++14";
				CLANG_CXX_LIBRARY = "libc++";
				CLANG_ENABLE_MODULES = YES;
				CLANG_ENABLE_OBJC_ARC = YES;
				CLANG_ENABLE_OBJC_WEAK = YES;
				CLANG_WARN_BLOCK_CAPTURE_AUTORELEASING = YES;
				CLANG_WARN_BOOL_CONVERSION = YES;
				CLANG_WARN_COMMA = YES;
				CLANG_WARN_CONSTANT_CONVERSION = YES;
				CLANG_WARN_DEPRECATED_OBJC_IMPLEMENTATIONS = YES;
				CLANG_WARN_DIRECT_OBJC_ISA_USAGE = YES_ERROR;
				CLANG_WARN_DOCUMENTATION_COMMENTS = YES;
				CLANG_WARN_EMPTY_BODY = YES;
				CLANG_WARN_ENUM_CONVERSION = YES;
				CLANG_WARN_INFINITE_RECURSION = YES;
				CLANG_WARN_INT_CONVERSION = YES;
				CLANG_WARN_NON_LITERAL_NULL_CONVERSION = YES;
				CLANG_WARN_OBJC_IMPLICIT_RETAIN_SELF = YES;
				CLANG_WARN_OBJC_LITERAL_CONVERSION = YES;
				CLANG_WARN_OBJC_ROOT_CLASS = YES_ERROR;
				CLANG_WARN_QUOTED_INCLUDE_IN_FRAMEWORK_HEADER = YES;
				CLANG_WARN_RANGE_LOOP_ANALYSIS = YES;
				CLANG_WARN_STRICT_PROTOTYPES = YES;
				CLANG_WARN_SUSPICIOUS_MOVE = YES;
				CLANG_WARN_UNGUARDED_AVAILABILITY = YES_AGGRESSIVE;
				CLANG_WARN_UNREACHABLE_CODE = YES;
				CLANG_WARN__DUPLICATE_METHOD_MATCH = YES;
				COPY_PHASE_STRIP = NO;
				DEBUG_INFORMATION_FORMAT = "dwarf-with-dsym";
				ENABLE_NS_ASSERTIONS = NO;
				ENABLE_STRICT_OBJC_MSGSEND = YES;
				GCC_C_LANGUAGE_STANDARD = gnu11;
				GCC_NO_COMMON_BLOCKS = YES;
				GCC_WARN_64_TO_32_BIT_CONVERSION = YES;
				GCC_WARN_ABOUT_RETURN_TYPE = YES_ERROR;
				GCC_WARN_UNDECLARED_SELECTOR = YES;
				GCC_WARN_UNINITIALIZED_AUTOS = YES_AGGRESSIVE;
				GCC_WARN_UNUSED_FUNCTION = YES;
				GCC_WARN_UNUSED_VARIABLE = YES;
				IPHONEOS_DEPLOYMENT_TARGET = 14.5;
				MTL_ENABLE_DEBUG_INFO = NO;
				MTL_FAST_MATH = YES;
				SDKROOT = iphoneos;
				SWIFT_COMPILATION_MODE = wholemodule;
				SWIFT_OPTIMIZATION_LEVEL = "-O";
				VALIDATE_PRODUCT = YES;
			};
			name = Release;
		};
		7C26A75C26FF7733000F5984 /* Debug */ = {
			isa = XCBuildConfiguration;
			baseConfigurationReference = 4900FD63782C848655087362 /* Pods-KoombeaChallengeTest.debug.xcconfig */;
			buildSettings = {
				ASSETCATALOG_COMPILER_APPICON_NAME = AppIcon;
				ASSETCATALOG_COMPILER_GLOBAL_ACCENT_COLOR_NAME = AccentColor;
				CODE_SIGN_STYLE = Automatic;
				DEVELOPMENT_TEAM = N6XJNT6HXP;
				INFOPLIST_FILE = KoombeaChallengeTest/Info.plist;
				IPHONEOS_DEPLOYMENT_TARGET = 13.0;
				LD_RUNPATH_SEARCH_PATHS = (
					"$(inherited)",
					"@executable_path/Frameworks",
				);
				PRODUCT_BUNDLE_IDENTIFIER = com.renatomateusx.KoombeaChallengeTest;
				PRODUCT_NAME = "$(TARGET_NAME)";
				SWIFT_VERSION = 5.0;
				TARGETED_DEVICE_FAMILY = "1,2";
			};
			name = Debug;
		};
		7C26A75D26FF7733000F5984 /* Release */ = {
			isa = XCBuildConfiguration;
			baseConfigurationReference = 39CFEA5B3DDC62973405C6DE /* Pods-KoombeaChallengeTest.release.xcconfig */;
			buildSettings = {
				ASSETCATALOG_COMPILER_APPICON_NAME = AppIcon;
				ASSETCATALOG_COMPILER_GLOBAL_ACCENT_COLOR_NAME = AccentColor;
				CODE_SIGN_STYLE = Automatic;
				DEVELOPMENT_TEAM = N6XJNT6HXP;
				INFOPLIST_FILE = KoombeaChallengeTest/Info.plist;
				IPHONEOS_DEPLOYMENT_TARGET = 13.0;
				LD_RUNPATH_SEARCH_PATHS = (
					"$(inherited)",
					"@executable_path/Frameworks",
				);
				PRODUCT_BUNDLE_IDENTIFIER = com.renatomateusx.KoombeaChallengeTest;
				PRODUCT_NAME = "$(TARGET_NAME)";
				SWIFT_VERSION = 5.0;
				TARGETED_DEVICE_FAMILY = "1,2";
			};
			name = Release;
		};
		7C26A75F26FF7733000F5984 /* Debug */ = {
			isa = XCBuildConfiguration;
			baseConfigurationReference = B77D541549C8E2CDC95DC58F /* Pods-KoombeaChallengeTestTests.debug.xcconfig */;
			buildSettings = {
				ALWAYS_EMBED_SWIFT_STANDARD_LIBRARIES = YES;
				BUNDLE_LOADER = "$(TEST_HOST)";
				CODE_SIGN_STYLE = Automatic;
				DEVELOPMENT_TEAM = N6XJNT6HXP;
				INFOPLIST_FILE = KoombeaChallengeTestTests/Info.plist;
				IPHONEOS_DEPLOYMENT_TARGET = 14.5;
				LD_RUNPATH_SEARCH_PATHS = (
					"$(inherited)",
					"@executable_path/Frameworks",
					"@loader_path/Frameworks",
				);
				PRODUCT_BUNDLE_IDENTIFIER = com.renatomateusx.KoombeaChallengeTestTests;
				PRODUCT_NAME = "$(TARGET_NAME)";
				SWIFT_VERSION = 5.0;
				TARGETED_DEVICE_FAMILY = "1,2";
				TEST_HOST = "$(BUILT_PRODUCTS_DIR)/KoombeaChallengeTest.app/KoombeaChallengeTest";
			};
			name = Debug;
		};
		7C26A76026FF7733000F5984 /* Release */ = {
			isa = XCBuildConfiguration;
			baseConfigurationReference = D34E16CE7A1467F25790E8A7 /* Pods-KoombeaChallengeTestTests.release.xcconfig */;
			buildSettings = {
				ALWAYS_EMBED_SWIFT_STANDARD_LIBRARIES = YES;
				BUNDLE_LOADER = "$(TEST_HOST)";
				CODE_SIGN_STYLE = Automatic;
				DEVELOPMENT_TEAM = N6XJNT6HXP;
				INFOPLIST_FILE = KoombeaChallengeTestTests/Info.plist;
				IPHONEOS_DEPLOYMENT_TARGET = 14.5;
				LD_RUNPATH_SEARCH_PATHS = (
					"$(inherited)",
					"@executable_path/Frameworks",
					"@loader_path/Frameworks",
				);
				PRODUCT_BUNDLE_IDENTIFIER = com.renatomateusx.KoombeaChallengeTestTests;
				PRODUCT_NAME = "$(TARGET_NAME)";
				SWIFT_VERSION = 5.0;
				TARGETED_DEVICE_FAMILY = "1,2";
				TEST_HOST = "$(BUILT_PRODUCTS_DIR)/KoombeaChallengeTest.app/KoombeaChallengeTest";
			};
			name = Release;
		};
		7C26A76226FF7733000F5984 /* Debug */ = {
			isa = XCBuildConfiguration;
			baseConfigurationReference = CA68344986DAE9DB72424F8E /* Pods-KoombeaChallengeTest-KoombeaChallengeTestUITests.debug.xcconfig */;
			buildSettings = {
				ALWAYS_EMBED_SWIFT_STANDARD_LIBRARIES = YES;
				CODE_SIGN_STYLE = Automatic;
				DEVELOPMENT_TEAM = N6XJNT6HXP;
				INFOPLIST_FILE = KoombeaChallengeTestUITests/Info.plist;
				LD_RUNPATH_SEARCH_PATHS = (
					"$(inherited)",
					"@executable_path/Frameworks",
					"@loader_path/Frameworks",
				);
				PRODUCT_BUNDLE_IDENTIFIER = com.renatomateusx.KoombeaChallengeTestUITests;
				PRODUCT_NAME = "$(TARGET_NAME)";
				SWIFT_VERSION = 5.0;
				TARGETED_DEVICE_FAMILY = "1,2";
				TEST_TARGET_NAME = KoombeaChallengeTest;
			};
			name = Debug;
		};
		7C26A76326FF7733000F5984 /* Release */ = {
			isa = XCBuildConfiguration;
			baseConfigurationReference = ADD51521C6DB8D9FE4CD0513 /* Pods-KoombeaChallengeTest-KoombeaChallengeTestUITests.release.xcconfig */;
			buildSettings = {
				ALWAYS_EMBED_SWIFT_STANDARD_LIBRARIES = YES;
				CODE_SIGN_STYLE = Automatic;
				DEVELOPMENT_TEAM = N6XJNT6HXP;
				INFOPLIST_FILE = KoombeaChallengeTestUITests/Info.plist;
				LD_RUNPATH_SEARCH_PATHS = (
					"$(inherited)",
					"@executable_path/Frameworks",
					"@loader_path/Frameworks",
				);
				PRODUCT_BUNDLE_IDENTIFIER = com.renatomateusx.KoombeaChallengeTestUITests;
				PRODUCT_NAME = "$(TARGET_NAME)";
				SWIFT_VERSION = 5.0;
				TARGETED_DEVICE_FAMILY = "1,2";
				TEST_TARGET_NAME = KoombeaChallengeTest;
			};
			name = Release;
		};
/* End XCBuildConfiguration section */

/* Begin XCConfigurationList section */
		7C26A72926FF7731000F5984 /* Build configuration list for PBXProject "KoombeaChallengeTest" */ = {
			isa = XCConfigurationList;
			buildConfigurations = (
				7C26A75926FF7733000F5984 /* Debug */,
				7C26A75A26FF7733000F5984 /* Release */,
			);
			defaultConfigurationIsVisible = 0;
			defaultConfigurationName = Release;
		};
		7C26A75B26FF7733000F5984 /* Build configuration list for PBXNativeTarget "KoombeaChallengeTest" */ = {
			isa = XCConfigurationList;
			buildConfigurations = (
				7C26A75C26FF7733000F5984 /* Debug */,
				7C26A75D26FF7733000F5984 /* Release */,
			);
			defaultConfigurationIsVisible = 0;
			defaultConfigurationName = Release;
		};
		7C26A75E26FF7733000F5984 /* Build configuration list for PBXNativeTarget "KoombeaChallengeTestTests" */ = {
			isa = XCConfigurationList;
			buildConfigurations = (
				7C26A75F26FF7733000F5984 /* Debug */,
				7C26A76026FF7733000F5984 /* Release */,
			);
			defaultConfigurationIsVisible = 0;
			defaultConfigurationName = Release;
		};
		7C26A76126FF7733000F5984 /* Build configuration list for PBXNativeTarget "KoombeaChallengeTestUITests" */ = {
			isa = XCConfigurationList;
			buildConfigurations = (
				7C26A76226FF7733000F5984 /* Debug */,
				7C26A76326FF7733000F5984 /* Release */,
			);
			defaultConfigurationIsVisible = 0;
			defaultConfigurationName = Release;
		};
/* End XCConfigurationList section */

/* Begin XCVersionGroup section */
		7C26A73A26FF7731000F5984 /* KoombeaChallengeTest.xcdatamodeld */ = {
			isa = XCVersionGroup;
			children = (
				7C26A73B26FF7731000F5984 /* KoombeaChallengeTest.xcdatamodel */,
			);
			currentVersion = 7C26A73B26FF7731000F5984 /* KoombeaChallengeTest.xcdatamodel */;
			path = KoombeaChallengeTest.xcdatamodeld;
			sourceTree = "<group>";
			versionGroupType = wrapper.xcdatamodel;
		};
/* End XCVersionGroup section */
	};
	rootObject = 7C26A72626FF7731000F5984 /* Project object */;
}
